{
    "_readme": [
        "This file locks the dependencies of your project to a known state",
        "Read more about it at https://getcomposer.org/doc/01-basic-usage.md#composer-lock-the-lock-file",
        "This file is @generated automatically"
    ],
    "hash": "cd6b57e8b2c7448c0e5131faf2b67ecc",
    "packages": [
        {
            "name": "kylekatarnls/jade-php",
            "version": "dev-master",
            "source": {
                "type": "git",
                "url": "https://github.com/kylekatarnls/jade-php.git",
                "reference": "bb57acab3db0d2820ae6b4b2c1f0ac399814e153"
            },
            "dist": {
                "type": "zip",
                "url": "https://api.github.com/repos/kylekatarnls/jade-php/zipball/bb57acab3db0d2820ae6b4b2c1f0ac399814e153",
                "reference": "bb57acab3db0d2820ae6b4b2c1f0ac399814e153",
                "shasum": ""
            },
            "require": {
                "php": ">=5.3.0"
            },
            "type": "library",
            "autoload": {
                "psr-0": {
                    "Jade": "src/"
                }
            },
            "notification-url": "https://packagist.org/downloads/",
            "license": [
                "MIT"
            ],
            "authors": [
                {
                    "name": "Konstantin Kudryasho",
                    "email": "konstantin.kudryashov@knplabs.com",
                    "homepage": "http://about.me/everzet",
                    "role": "Developer"
                },
                {
                    "name": "Janez Troha",
                    "email": "janez.troha@gmail.com",
                    "homepage": "http://flavors.me/dz0ny",
                    "role": "Maintainer"
                },
                {
                    "name": "Luke GB",
                    "email": "git@lukegb.com",
                    "homepage": "http://twitter.com/lukegb",
                    "role": "Maintainer"
                },
                {
                    "name": "Ronan Tessier",
                    "email": "ronan.tessier@vaconsulting.lu",
                    "homepage": "http://github.com/ronan-gloo",
                    "role": "Maintainer"
                },
                {
                    "name": "kylekatarnls",
                    "homepage": "http://github.com/kylekatarnls",
                    "role": "Maintainer"
                }
            ],
            "description": "HAML-like template engine for PHP 5.3",
            "homepage": "https://github.com/ronan-gloo/jade.php",
            "keywords": [
                "jade",
                "minification",
                "template"
            ],
            "time": "2015-08-17 14:46:22"
        }
    ],
    "packages-dev": [],
    "aliases": [],
    "minimum-stability": "dev",
    "stability-flags": {
        "kylekatarnls/jade-php": 20
    },
    "prefer-stable": false,
    "prefer-lowest": false,
    "platform": [],
    "platform-dev": []
}
